
Microsoft Visual Studio Solution File, Format Version 12.00
# Visual Studio 15
Project("{FAE04EC0-301F-11D3-BF4B-00C04F79EFBC}") = "Assembly-CSharp", "Assembly-CSharp.csproj", "{A32D69D2-2F54-4C89-7DE3-220E141A4F1B}"
EndProject
Project("{FAE04EC0-301F-11D3-BF4B-00C04F79EFBC}") = "Assembly-CSharp-Editor", "Assembly-CSharp-Editor.csproj", "{077F5437-A9A4-7173-8E2D-40F62F1E70A6}"
EndProject
Global
	GlobalSection(SolutionConfigurationPlatforms) = preSolution
		Debug|Any CPU = Debug|Any CPU
		Release|Any CPU = Release|Any CPU
	EndGlobalSection
	GlobalSection(ProjectConfigurationPlatforms) = postSolution
		{A32D69D2-2F54-4C89-7DE3-220E141A4F1B}.Debug|Any CPU.ActiveCfg = Debug|Any CPU
		{A32D69D2-2F54-4C89-7DE3-220E141A4F1B}.Debug|Any CPU.Build.0 = Debug|Any CPU
		{A32D69D2-2F54-4C89-7DE3-220E141A4F1B}.Release|Any CPU.ActiveCfg = Release|Any CPU
		{A32D69D2-2F54-4C89-7DE3-220E141A4F1B}.Release|Any CPU.Build.0 = Release|Any CPU
		{077F5437-A9A4-7173-8E2D-40F62F1E70A6}.Debug|Any CPU.ActiveCfg = Debug|Any CPU
		{077F5437-A9A4-7173-8E2D-40F62F1E70A6}.Debug|Any CPU.Build.0 = Debug|Any CPU
		{077F5437-A9A4-7173-8E2D-40F62F1E70A6}.Release|Any CPU.ActiveCfg = Release|Any CPU
		{077F5437-A9A4-7173-8E2D-40F62F1E70A6}.Release|Any CPU.Build.0 = Release|Any CPU
	EndGlobalSection
	GlobalSection(SolutionProperties) = preSolution
		HideSolutionNode = FALSE
	EndGlobalSection
EndGlobal
